Microsoft Visual Studio Solution File, Format Version 11.00
# Visual Studio 2008

Project("{C8597224-864B-A542-CDCA-77EFCA64FE79}") = "SmokeUnity", "Assembly-CSharp.csproj", "{D15E7E07-7C52-D40F-65AB-01687D206348}"
EndProject
Global
	GlobalSection(SolutionConfigurationPlatforms) = preSolution
		Debug|Any CPU = Debug|Any CPU
		Release|Any CPU = Release|Any CPU
	EndGlobalSection
	GlobalSection(ProjectConfigurationPlatforms) = postSolution
		{D15E7E07-7C52-D40F-65AB-01687D206348}.Debug|Any CPU.ActiveCfg = Debug|Any CPU
		{D15E7E07-7C52-D40F-65AB-01687D206348}.Debug|Any CPU.Build.0 = Debug|Any CPU
		{D15E7E07-7C52-D40F-65AB-01687D206348}.Release|Any CPU.ActiveCfg = Release|Any CPU
		{D15E7E07-7C52-D40F-65AB-01687D206348}.Release|Any CPU.Build.0 = Release|Any CPU
	EndGlobalSection
	GlobalSection(SolutionProperties) = preSolution
		HideSolutionNode = FALSE
	EndGlobalSection
	GlobalSection(MonoDevelopProperties) = preSolution
		StartupItem = Assembly-CSharp.csproj
	EndGlobalSection
EndGlobal
